
Microsoft Visual Studio Solution File, Format Version 12.00
# Visual Studio Version 16
VisualStudioVersion = 16.0.29613.14
MinimumVisualStudioVersion = 10.0.40219.1
Project("{9A19103F-16F7-4668-BE54-9A1E7A4F7556}") = "RazorTest", "RazorTest\RazorTest.csproj", "{29F27776-3AE2-4EF6-A2D5-2E4A69F84B57}"
EndProject
Global
	GlobalSection(SolutionConfigurationPlatforms) = preSolution
		Debug|Any CPU = Debug|Any CPU
		Release|Any CPU = Release|Any CPU
	EndGlobalSection
	GlobalSection(ProjectConfigurationPlatforms) = postSolution
		{29F27776-3AE2-4EF6-A2D5-2E4A69F84B57}.Debug|Any CPU.ActiveCfg = Debug|Any CPU
		{29F27776-3AE2-4EF6-A2D5-2E4A69F84B57}.Debug|Any CPU.Build.0 = Debug|Any CPU
		{29F27776-3AE2-4EF6-A2D5-2E4A69F84B57}.Release|Any CPU.ActiveCfg = Release|Any CPU
		{29F27776-3AE2-4EF6-A2D5-2E4A69F84B57}.Release|Any CPU.Build.0 = Release|Any CPU
	EndGlobalSection
	GlobalSection(SolutionProperties) = preSolution
		HideSolutionNode = FALSE
	EndGlobalSection
	GlobalSection(ExtensibilityGlobals) = postSolution
		SolutionGuid = {6D7A9995-5C15-4754-B8B0-30028C0BA95A}
	EndGlobalSection
EndGlobal
